# This file is automatically @generated by Cargo.
# It is not intended for manual editing.
version = 3

[[package]]
name = "async-attributes"
version = "1.1.2"
source = "registry+https://github.com/rust-lang/crates.io-index"
checksum = "a3203e79f4dd9bdda415ed03cf14dae5a2bf775c683a00f94e9cd1faf0f596e5"
dependencies = [
 "quote",
 "syn",
]

[[package]]
name = "async-channel"
version = "1.6.1"
source = "registry+https://github.com/rust-lang/crates.io-index"
checksum = "2114d64672151c0c5eaa5e131ec84a74f06e1e559830dabba01ca30605d66319"
dependencies = [
 "concurrent-queue",
 "event-listener",
 "futures-core",
]

[[package]]
name = "async-executor"
version = "1.4.1"
source = "registry+https://github.com/rust-lang/crates.io-index"
checksum = "871f9bb5e0a22eeb7e8cf16641feb87c9dc67032ccf8ff49e772eb9941d3a965"
dependencies = [
 "async-task",
 "concurrent-queue",
 "fastrand",
 "futures-lite",
 "once_cell",
 "slab",
]

[[package]]
name = "async-global-executor"
version = "2.0.2"
source = "registry+https://github.com/rust-lang/crates.io-index"
checksum = "9586ec52317f36de58453159d48351bc244bc24ced3effc1fce22f3d48664af6"
dependencies = [
 "async-channel",
 "async-executor",
 "async-io",
 "async-mutex",
 "blocking",
 "futures-lite",
 "num_cpus",
 "once_cell",
]

[[package]]
name = "async-io"
version = "1.6.0"
source = "registry+https://github.com/rust-lang/crates.io-index"
checksum = "a811e6a479f2439f0c04038796b5cfb3d2ad56c230e0f2d3f7b04d68cfee607b"
dependencies = [
 "concurrent-queue",
 "futures-lite",
 "libc",
 "log",
 "once_cell",
 "parking",
 "polling",
 "slab",
 "socket2",
 "waker-fn",
 "winapi 0.3.9",
]

[[package]]
name = "async-lock"
version = "2.4.0"
source = "registry+https://github.com/rust-lang/crates.io-index"
checksum = "e6a8ea61bf9947a1007c5cada31e647dbc77b103c679858150003ba697ea798b"
dependencies = [
 "event-listener",
]

[[package]]
name = "async-mutex"
version = "1.4.0"
source = "registry+https://github.com/rust-lang/crates.io-index"
checksum = "479db852db25d9dbf6204e6cb6253698f175c15726470f78af0d918e99d6156e"
dependencies = [
 "event-listener",
]

[[package]]
name = "async-std"
version = "1.10.0"
source = "registry+https://github.com/rust-lang/crates.io-index"
checksum = "f8056f1455169ab86dd47b47391e4ab0cbd25410a70e9fe675544f49bafaf952"
dependencies = [
 "async-attributes",
 "async-channel",
 "async-global-executor",
 "async-io",
 "async-lock",
 "crossbeam-utils",
 "futures-channel",
 "futures-core",
 "futures-io",
 "futures-lite",
 "gloo-timers",
 "kv-log-macro",
 "log",
 "memchr",
 "num_cpus",
 "once_cell",
 "pin-project-lite",
 "pin-utils",
 "slab",
 "wasm-bindgen-futures",
]

[[package]]
name = "async-task"
version = "4.0.3"
source = "registry+https://github.com/rust-lang/crates.io-index"
checksum = "e91831deabf0d6d7ec49552e489aed63b7456a7a3c46cff62adad428110b0af0"

[[package]]
name = "atomic-waker"
version = "1.0.0"
source = "registry+https://github.com/rust-lang/crates.io-index"
checksum = "065374052e7df7ee4047b1160cca5e1467a12351a40b3da123c870ba0b8eda2a"

[[package]]
name = "autocfg"
version = "1.0.1"
source = "registry+https://github.com/rust-lang/crates.io-index"
checksum = "cdb031dd78e28731d87d56cc8ffef4a8f36ca26c38fe2de700543e627f8a464a"

[[package]]
name = "bitflags"
version = "1.3.2"
source = "registry+https://github.com/rust-lang/crates.io-index"
checksum = "bef38d45163c2f1dde094a7dfd33ccf595c92905c8f8f4fdc18d06fb1037718a"

[[package]]
name = "blocking"
version = "1.0.2"
source = "registry+https://github.com/rust-lang/crates.io-index"
checksum = "c5e170dbede1f740736619b776d7251cb1b9095c435c34d8ca9f57fcd2f335e9"
dependencies = [
 "async-channel",
 "async-task",
 "atomic-waker",
 "fastrand",
 "futures-lite",
 "once_cell",
]

[[package]]
name = "bumpalo"
version = "3.7.0"
source = "registry+https://github.com/rust-lang/crates.io-index"
checksum = "9c59e7af012c713f529e7a3ee57ce9b31ddd858d4b512923602f74608b009631"

[[package]]
name = "bytes"
version = "1.1.0"
source = "registry+https://github.com/rust-lang/crates.io-index"
checksum = "c4872d67bab6358e59559027aa3b9157c53d9358c51423c17554809a8858e0f8"

[[package]]
name = "cache-padded"
version = "1.1.1"
source = "registry+https://github.com/rust-lang/crates.io-index"
checksum = "631ae5198c9be5e753e5cc215e1bd73c2b466a3565173db433f52bb9d3e66dba"

[[package]]
name = "cc"
version = "1.0.69"
source = "registry+https://github.com/rust-lang/crates.io-index"
checksum = "e70cc2f62c6ce1868963827bd677764c62d07c3d9a3e1fb1177ee1a9ab199eb2"

[[package]]
name = "cfg-if"
version = "0.1.10"
source = "registry+https://github.com/rust-lang/crates.io-index"
checksum = "4785bdd1c96b2a846b2bd7cc02e86b6b3dbf14e7e53446c4f54c92a361040822"

[[package]]
name = "cfg-if"
version = "1.0.0"
source = "registry+https://github.com/rust-lang/crates.io-index"
checksum = "baf1de4339761588bc0619e3cbc0120ee582ebb74b53b4efbf79117bd2da40fd"

[[package]]
name = "concurrent-queue"
version = "1.2.2"
source = "registry+https://github.com/rust-lang/crates.io-index"
checksum = "30ed07550be01594c6026cff2a1d7fe9c8f683caa798e12b68694ac9e88286a3"
dependencies = [
 "cache-padded",
]

[[package]]
name = "crossbeam-utils"
version = "0.8.5"
source = "registry+https://github.com/rust-lang/crates.io-index"
checksum = "d82cfc11ce7f2c3faef78d8a684447b40d503d9681acebed6cb728d45940c4db"
dependencies = [
 "cfg-if 1.0.0",
 "lazy_static",
]

[[package]]
name = "ctor"
version = "0.1.20"
source = "registry+https://github.com/rust-lang/crates.io-index"
checksum = "5e98e2ad1a782e33928b96fc3948e7c355e5af34ba4de7670fe8bac2a3b2006d"
dependencies = [
 "quote",
 "syn",
]

[[package]]
name = "event-listener"
version = "2.5.1"
source = "registry+https://github.com/rust-lang/crates.io-index"
checksum = "f7531096570974c3a9dcf9e4b8e1cede1ec26cf5046219fb3b9d897503b9be59"

[[package]]
name = "fastrand"
version = "1.5.0"
source = "registry+https://github.com/rust-lang/crates.io-index"
checksum = "b394ed3d285a429378d3b384b9eb1285267e7df4b166df24b7a6939a04dc392e"
dependencies = [
 "instant",
]

[[package]]
name = "fuchsia-zircon"
version = "0.3.3"
source = "registry+https://github.com/rust-lang/crates.io-index"
checksum = "2e9763c69ebaae630ba35f74888db465e49e259ba1bc0eda7d06f4a067615d82"
dependencies = [
 "bitflags",
 "fuchsia-zircon-sys",
]

[[package]]
name = "fuchsia-zircon-sys"
version = "0.3.3"
source = "registry+https://github.com/rust-lang/crates.io-index"
checksum = "3dcaa9ae7725d12cdb85b3ad99a434db70b468c09ded17e012d86b5c1010f7a7"

[[package]]
name = "futures"
version = "0.3.17"
source = "registry+https://github.com/rust-lang/crates.io-index"
checksum = "a12aa0eb539080d55c3f2d45a67c3b58b6b0773c1a3ca2dfec66d58c97fd66ca"
dependencies = [
 "futures-channel",
 "futures-core",
 "futures-executor",
 "futures-io",
 "futures-sink",
 "futures-task",
 "futures-util",
]

[[package]]
name = "futures-channel"
version = "0.3.17"
source = "registry+https://github.com/rust-lang/crates.io-index"
checksum = "5da6ba8c3bb3c165d3c7319fc1cc8304facf1fb8db99c5de877183c08a273888"
dependencies = [
 "futures-core",
 "futures-sink",
]

[[package]]
name = "futures-core"
version = "0.3.17"
source = "registry+https://github.com/rust-lang/crates.io-index"
checksum = "88d1c26957f23603395cd326b0ffe64124b818f4449552f960d815cfba83a53d"

[[package]]
name = "futures-executor"
version = "0.3.17"
source = "registry+https://github.com/rust-lang/crates.io-index"
checksum = "45025be030969d763025784f7f355043dc6bc74093e4ecc5000ca4dc50d8745c"
dependencies = [
 "futures-core",
 "futures-task",
 "futures-util",
]

[[package]]
name = "futures-io"
version = "0.3.17"
source = "registry+https://github.com/rust-lang/crates.io-index"
checksum = "522de2a0fe3e380f1bc577ba0474108faf3f6b18321dbf60b3b9c39a75073377"

[[package]]
name = "futures-lite"
version = "1.12.0"
source = "registry+https://github.com/rust-lang/crates.io-index"
checksum = "7694489acd39452c77daa48516b894c153f192c3578d5a839b62c58099fcbf48"
dependencies = [
 "fastrand",
 "futures-core",
 "futures-io",
 "memchr",
 "parking",
 "pin-project-lite",
 "waker-fn",
]

[[package]]
name = "futures-macro"
version = "0.3.17"
source = "registry+https://github.com/rust-lang/crates.io-index"
checksum = "18e4a4b95cea4b4ccbcf1c5675ca7c4ee4e9e75eb79944d07defde18068f79bb"
dependencies = [
 "autocfg",
 "proc-macro-hack",
 "proc-macro2",
 "quote",
 "syn",
]

[[package]]
name = "futures-sink"
version = "0.3.17"
source = "registry+https://github.com/rust-lang/crates.io-index"
checksum = "36ea153c13024fe480590b3e3d4cad89a0cfacecc24577b68f86c6ced9c2bc11"

[[package]]
name = "futures-task"
version = "0.3.17"
source = "registry+https://github.com/rust-lang/crates.io-index"
checksum = "1d3d00f4eddb73e498a54394f228cd55853bdf059259e8e7bc6e69d408892e99"

[[package]]
name = "futures-util"
version = "0.3.17"
source = "registry+https://github.com/rust-lang/crates.io-index"
checksum = "36568465210a3a6ee45e1f165136d68671471a501e632e9a98d96872222b5481"
dependencies = [
 "autocfg",
 "futures-channel",
 "futures-core",
 "futures-io",
 "futures-macro",
 "futures-sink",
 "futures-task",
 "memchr",
 "pin-project-lite",
 "pin-utils",
 "proc-macro-hack",
 "proc-macro-nested",
 "slab",
]

[[package]]
name = "gloo-timers"
version = "0.2.1"
source = "registry+https://github.com/rust-lang/crates.io-index"
checksum = "47204a46aaff920a1ea58b11d03dec6f704287d27561724a4631e450654a891f"
dependencies = [
 "futures-channel",
 "futures-core",
 "js-sys",
 "wasm-bindgen",
 "web-sys",
]

[[package]]
name = "hermit-abi"
version = "0.1.19"
source = "registry+https://github.com/rust-lang/crates.io-index"
checksum = "62b467343b94ba476dcb2500d242dadbb39557df889310ac77c5d99100aaac33"
dependencies = [
 "libc",
]

[[package]]
name = "instant"
version = "0.1.10"
source = "registry+https://github.com/rust-lang/crates.io-index"
checksum = "bee0328b1209d157ef001c94dd85b4f8f64139adb0eac2659f4b08382b2f474d"
dependencies = [
 "cfg-if 1.0.0",
]

[[package]]
name = "iovec"
version = "0.1.4"
source = "registry+https://github.com/rust-lang/crates.io-index"
checksum = "b2b3ea6ff95e175473f8ffe6a7eb7c00d054240321b84c57051175fe3c1e075e"
dependencies = [
 "libc",
]

[[package]]
name = "js-sys"
version = "0.3.53"
source = "registry+https://github.com/rust-lang/crates.io-index"
checksum = "e4bf49d50e2961077d9c99f4b7997d770a1114f087c3c2e0069b36c13fc2979d"
dependencies = [
 "wasm-bindgen",
]

[[package]]
name = "kernel32-sys"
version = "0.2.2"
source = "registry+https://github.com/rust-lang/crates.io-index"
checksum = "7507624b29483431c0ba2d82aece8ca6cdba9382bff4ddd0f7490560c056098d"
dependencies = [
 "winapi 0.2.8",
 "winapi-build",
]

[[package]]
name = "kv-log-macro"
version = "1.0.7"
source = "registry+https://github.com/rust-lang/crates.io-index"
checksum = "0de8b303297635ad57c9f5059fd9cee7a47f8e8daa09df0fcd07dd39fb22977f"
dependencies = [
 "log",
]

[[package]]
name = "lazy_static"
version = "1.4.0"
source = "registry+https://github.com/rust-lang/crates.io-index"
checksum = "e2abad23fbc42b3700f2f279844dc832adb2b2eb069b2df918f455c4e18cc646"

[[package]]
name = "libc"
version = "0.2.101"
source = "registry+https://github.com/rust-lang/crates.io-index"
checksum = "3cb00336871be5ed2c8ed44b60ae9959dc5b9f08539422ed43f09e34ecaeba21"

[[package]]
name = "lock_api"
version = "0.4.5"
source = "registry+https://github.com/rust-lang/crates.io-index"
checksum = "712a4d093c9976e24e7dbca41db895dabcbac38eb5f4045393d17a95bdfb1109"
dependencies = [
 "scopeguard",
]

[[package]]
name = "log"
version = "0.4.14"
source = "registry+https://github.com/rust-lang/crates.io-index"
checksum = "51b9bbe6c47d51fc3e1a9b945965946b4c44142ab8792c50835a980d362c2710"
dependencies = [
 "cfg-if 1.0.0",
 "value-bag",
]

[[package]]
name = "memchr"
version = "2.4.1"
source = "registry+https://github.com/rust-lang/crates.io-index"
checksum = "308cc39be01b73d0d18f82a0e7b2a3df85245f84af96fdddc5d202d27e47b86a"

[[package]]
name = "mio"
version = "0.6.23"
source = "registry+https://github.com/rust-lang/crates.io-index"
checksum = "4afd66f5b91bf2a3bc13fad0e21caedac168ca4c707504e75585648ae80e4cc4"
dependencies = [
 "cfg-if 0.1.10",
 "fuchsia-zircon",
 "fuchsia-zircon-sys",
 "iovec",
 "kernel32-sys",
 "libc",
 "log",
 "miow 0.2.2",
 "net2",
 "slab",
 "winapi 0.2.8",
]

[[package]]
name = "mio"
version = "0.7.13"
source = "registry+https://github.com/rust-lang/crates.io-index"
checksum = "8c2bdb6314ec10835cd3293dd268473a835c02b7b352e788be788b3c6ca6bb16"
dependencies = [
 "libc",
 "log",
 "miow 0.3.7",
 "ntapi",
 "winapi 0.3.9",
]

[[package]]
name = "mio-uds"
version = "0.6.8"
source = "registry+https://github.com/rust-lang/crates.io-index"
checksum = "afcb699eb26d4332647cc848492bbc15eafb26f08d0304550d5aa1f612e066f0"
dependencies = [
 "iovec",
 "libc",
 "mio 0.6.23",
]

[[package]]
name = "miow"
version = "0.2.2"
source = "registry+https://github.com/rust-lang/crates.io-index"
checksum = "ebd808424166322d4a38da87083bfddd3ac4c131334ed55856112eb06d46944d"
dependencies = [
 "kernel32-sys",
 "net2",
 "winapi 0.2.8",
 "ws2_32-sys",
]

[[package]]
name = "miow"
version = "0.3.7"
source = "registry+https://github.com/rust-lang/crates.io-index"
checksum = "b9f1c5b025cda876f66ef43a113f91ebc9f4ccef34843000e0adf6ebbab84e21"
dependencies = [
 "winapi 0.3.9",
]

[[package]]
name = "net2"
version = "0.2.37"
source = "registry+https://github.com/rust-lang/crates.io-index"
checksum = "391630d12b68002ae1e25e8f974306474966550ad82dac6886fb8910c19568ae"
dependencies = [
 "cfg-if 0.1.10",
 "libc",
 "winapi 0.3.9",
]

[[package]]
name = "ntapi"
version = "0.3.6"
source = "registry+https://github.com/rust-lang/crates.io-index"
checksum = "3f6bb902e437b6d86e03cce10a7e2af662292c5dfef23b65899ea3ac9354ad44"
dependencies = [
 "winapi 0.3.9",
]

[[package]]
name = "num_cpus"
version = "1.13.0"
source = "registry+https://github.com/rust-lang/crates.io-index"
checksum = "05499f3756671c15885fee9034446956fff3f243d6077b91e5767df161f766b3"
dependencies = [
 "hermit-abi",
 "libc",
]

[[package]]
name = "once_cell"
version = "1.8.0"
source = "registry+https://github.com/rust-lang/crates.io-index"
checksum = "692fcb63b64b1758029e0a96ee63e049ce8c5948587f2f7208df04625e5f6b56"

[[package]]
name = "parking"
version = "2.0.0"
source = "registry+https://github.com/rust-lang/crates.io-index"
checksum = "427c3892f9e783d91cc128285287e70a59e206ca452770ece88a76f7a3eddd72"

[[package]]
name = "parking_lot"
version = "0.11.2"
source = "registry+https://github.com/rust-lang/crates.io-index"
checksum = "7d17b78036a60663b797adeaee46f5c9dfebb86948d1255007a1d6be0271ff99"
dependencies = [
 "instant",
 "lock_api",
 "parking_lot_core",
]

[[package]]
name = "parking_lot_core"
version = "0.8.5"
source = "registry+https://github.com/rust-lang/crates.io-index"
checksum = "d76e8e1493bcac0d2766c42737f34458f1c8c50c0d23bcb24ea953affb273216"
dependencies = [
 "cfg-if 1.0.0",
 "instant",
 "libc",
 "redox_syscall",
 "smallvec",
 "winapi 0.3.9",
]

[[package]]
name = "pin-project-lite"
version = "0.2.7"
source = "registry+https://github.com/rust-lang/crates.io-index"
checksum = "8d31d11c69a6b52a174b42bdc0c30e5e11670f90788b2c471c31c1d17d449443"

[[package]]
name = "pin-utils"
version = "0.1.0"
source = "registry+https://github.com/rust-lang/crates.io-index"
checksum = "8b870d8c151b6f2fb93e84a13146138f05d02ed11c7e7c54f8826aaaf7c9f184"

[[package]]
name = "polling"
version = "2.1.0"
source = "registry+https://github.com/rust-lang/crates.io-index"
checksum = "92341d779fa34ea8437ef4d82d440d5e1ce3f3ff7f824aa64424cd481f9a1f25"
dependencies = [
 "cfg-if 1.0.0",
 "libc",
 "log",
 "wepoll-ffi",
 "winapi 0.3.9",
]

[[package]]
name = "proc-macro-hack"
version = "0.5.19"
source = "registry+https://github.com/rust-lang/crates.io-index"
checksum = "dbf0c48bc1d91375ae5c3cd81e3722dff1abcf81a30960240640d223f59fe0e5"

[[package]]
name = "proc-macro-nested"
version = "0.1.7"
source = "registry+https://github.com/rust-lang/crates.io-index"
checksum = "bc881b2c22681370c6a780e47af9840ef841837bc98118431d4e1868bd0c1086"

[[package]]
name = "proc-macro2"
version = "1.0.29"
source = "registry+https://github.com/rust-lang/crates.io-index"
checksum = "b9f5105d4fdaab20335ca9565e106a5d9b82b6219b5ba735731124ac6711d23d"
dependencies = [
 "unicode-xid",
]

[[package]]
name = "quote"
version = "1.0.9"
source = "registry+https://github.com/rust-lang/crates.io-index"
checksum = "c3d0b9745dc2debf507c8422de05d7226cc1f0644216dfdfead988f9b1ab32a7"
dependencies = [
 "proc-macro2",
]

[[package]]
name = "redox_syscall"
version = "0.2.10"
source = "registry+https://github.com/rust-lang/crates.io-index"
checksum = "8383f39639269cde97d255a32bdb68c047337295414940c68bdd30c2e13203ff"
dependencies = [
 "bitflags",
]

[[package]]
name = "scopeguard"
version = "1.1.0"
source = "registry+https://github.com/rust-lang/crates.io-index"
checksum = "d29ab0c6d3fc0ee92fe66e2d99f700eab17a8d57d1c1d3b748380fb20baa78cd"

[[package]]
name = "serial_test"
version = "0.5.1"
source = "registry+https://github.com/rust-lang/crates.io-index"
checksum = "e0bccbcf40c8938196944a3da0e133e031a33f4d6b72db3bda3cc556e361905d"
dependencies = [
 "lazy_static",
 "parking_lot",
 "serial_test_derive",
]

[[package]]
name = "serial_test_derive"
version = "0.5.1"
source = "registry+https://github.com/rust-lang/crates.io-index"
checksum = "b2acd6defeddb41eb60bb468f8825d0cfd0c2a76bc03bfd235b6a1dc4f6a1ad5"
dependencies = [
 "proc-macro2",
 "quote",
 "syn",
]

[[package]]
name = "signal-hook"
version = "0.3.10"
dependencies = [
 "cc",
 "libc",
 "serial_test",
 "signal-hook-registry 1.4.0",
]

[[package]]
name = "signal-hook-async-std"
version = "0.2.1"
dependencies = [
 "async-io",
 "async-std",
 "futures-lite",
 "libc",
 "serial_test",
 "signal-hook",
]

[[package]]
name = "signal-hook-mio"
version = "0.2.2"
dependencies = [
 "libc",
 "mio 0.6.23",
 "mio 0.7.13",
 "mio-uds",
 "serial_test",
 "signal-hook",
]

[[package]]
name = "signal-hook-registry"
version = "1.4.0"
dependencies = [
 "libc",
 "signal-hook",
]

[[package]]
name = "signal-hook-registry"
version = "1.4.0"
source = "registry+https://github.com/rust-lang/crates.io-index"
checksum = "e51e73328dc4ac0c7ccbda3a494dfa03df1de2f46018127f60c693f2648455b0"
dependencies = [
 "libc",
]

[[package]]
name = "signal-hook-tokio"
version = "0.3.0"
dependencies = [
 "futures",
 "futures-core",
 "libc",
 "serial_test",
 "signal-hook",
 "tokio",
]

[[package]]
name = "slab"
version = "0.4.4"
source = "registry+https://github.com/rust-lang/crates.io-index"
checksum = "c307a32c1c5c437f38c7fd45d753050587732ba8628319fbdf12a7e289ccc590"

[[package]]
name = "smallvec"
version = "1.6.1"
source = "registry+https://github.com/rust-lang/crates.io-index"
checksum = "fe0f37c9e8f3c5a4a66ad655a93c74daac4ad00c441533bf5c6e7990bb42604e"

[[package]]
name = "socket2"
version = "0.4.1"
source = "registry+https://github.com/rust-lang/crates.io-index"
checksum = "765f090f0e423d2b55843402a07915add955e7d60657db13707a159727326cad"
dependencies = [
 "libc",
 "winapi 0.3.9",
]

[[package]]
name = "syn"
version = "1.0.75"
source = "registry+https://github.com/rust-lang/crates.io-index"
checksum = "b7f58f7e8eaa0009c5fec437aabf511bd9933e4b2d7407bd05273c01a8906ea7"
dependencies = [
 "proc-macro2",
 "quote",
 "unicode-xid",
]

[[package]]
name = "tokio"
version = "1.10.1"
source = "registry+https://github.com/rust-lang/crates.io-index"
checksum = "92036be488bb6594459f2e03b60e42df6f937fe6ca5c5ffdcb539c6b84dc40f5"
dependencies = [
 "autocfg",
 "bytes",
 "libc",
 "memchr",
 "mio 0.7.13",
 "num_cpus",
 "once_cell",
 "parking_lot",
 "pin-project-lite",
 "signal-hook-registry 1.4.0 (registry+https://github.com/rust-lang/crates.io-index)",
 "tokio-macros",
 "winapi 0.3.9",
]

[[package]]
name = "tokio-macros"
version = "1.3.0"
source = "registry+https://github.com/rust-lang/crates.io-index"
checksum = "54473be61f4ebe4efd09cec9bd5d16fa51d70ea0192213d754d2d500457db110"
dependencies = [
 "proc-macro2",
 "quote",
 "syn",
]

[[package]]
name = "unicode-xid"
version = "0.2.2"
source = "registry+https://github.com/rust-lang/crates.io-index"
checksum = "8ccb82d61f80a663efe1f787a51b16b5a51e3314d6ac365b08639f52387b33f3"

[[package]]
name = "value-bag"
version = "1.0.0-alpha.7"
source = "registry+https://github.com/rust-lang/crates.io-index"
checksum = "dd320e1520f94261153e96f7534476ad869c14022aee1e59af7c778075d840ae"
dependencies = [
 "ctor",
 "version_check",
]

[[package]]
name = "version_check"
version = "0.9.3"
source = "registry+https://github.com/rust-lang/crates.io-index"
checksum = "5fecdca9a5291cc2b8dcf7dc02453fee791a280f3743cb0905f8822ae463b3fe"

[[package]]
name = "waker-fn"
version = "1.1.0"
source = "registry+https://github.com/rust-lang/crates.io-index"
checksum = "9d5b2c62b4012a3e1eca5a7e077d13b3bf498c4073e33ccd58626607748ceeca"

[[package]]
name = "wasm-bindgen"
version = "0.2.76"
source = "registry+https://github.com/rust-lang/crates.io-index"
checksum = "8ce9b1b516211d33767048e5d47fa2a381ed8b76fc48d2ce4aa39877f9f183e0"
dependencies = [
 "cfg-if 1.0.0",
 "wasm-bindgen-macro",
]

[[package]]
name = "wasm-bindgen-backend"
version = "0.2.76"
source = "registry+https://github.com/rust-lang/crates.io-index"
checksum = "cfe8dc78e2326ba5f845f4b5bf548401604fa20b1dd1d365fb73b6c1d6364041"
dependencies = [
 "bumpalo",
 "lazy_static",
 "log",
 "proc-macro2",
 "quote",
 "syn",
 "wasm-bindgen-shared",
]

[[package]]
name = "wasm-bindgen-futures"
version = "0.4.26"
source = "registry+https://github.com/rust-lang/crates.io-index"
checksum = "95fded345a6559c2cfee778d562300c581f7d4ff3edb9b0d230d69800d213972"
dependencies = [
 "cfg-if 1.0.0",
 "js-sys",
 "wasm-bindgen",
 "web-sys",
]

[[package]]
name = "wasm-bindgen-macro"
version = "0.2.76"
source = "registry+https://github.com/rust-lang/crates.io-index"
checksum = "44468aa53335841d9d6b6c023eaab07c0cd4bddbcfdee3e2bb1e8d2cb8069fef"
dependencies = [
 "quote",
 "wasm-bindgen-macro-support",
]

[[package]]
name = "wasm-bindgen-macro-support"
version = "0.2.76"
source = "registry+https://github.com/rust-lang/crates.io-index"
checksum = "0195807922713af1e67dc66132c7328206ed9766af3858164fb583eedc25fbad"
dependencies = [
 "proc-macro2",
 "quote",
 "syn",
 "wasm-bindgen-backend",
 "wasm-bindgen-shared",
]

[[package]]
name = "wasm-bindgen-shared"
version = "0.2.76"
source = "registry+https://github.com/rust-lang/crates.io-index"
checksum = "acdb075a845574a1fa5f09fd77e43f7747599301ea3417a9fbffdeedfc1f4a29"

[[package]]
name = "web-sys"
version = "0.3.53"
source = "registry+https://github.com/rust-lang/crates.io-index"
checksum = "224b2f6b67919060055ef1a67807367c2066ed520c3862cc013d26cf893a783c"
dependencies = [
 "js-sys",
 "wasm-bindgen",
]

[[package]]
name = "wepoll-ffi"
version = "0.1.2"
source = "registry+https://github.com/rust-lang/crates.io-index"
checksum = "d743fdedc5c64377b5fc2bc036b01c7fd642205a0d96356034ae3404d49eb7fb"
dependencies = [
 "cc",
]

[[package]]
name = "winapi"
version = "0.2.8"
source = "registry+https://github.com/rust-lang/crates.io-index"
checksum = "167dc9d6949a9b857f3451275e911c3f44255842c1f7a76f33c55103a909087a"

[[package]]
name = "winapi"
version = "0.3.9"
source = "registry+https://github.com/rust-lang/crates.io-index"
checksum = "5c839a674fcd7a98952e593242ea400abe93992746761e38641405d28b00f419"
dependencies = [
 "winapi-i686-pc-windows-gnu",
 "winapi-x86_64-pc-windows-gnu",
]

[[package]]
name = "winapi-build"
version = "0.1.1"
source = "registry+https://github.com/rust-lang/crates.io-index"
checksum = "2d315eee3b34aca4797b2da6b13ed88266e6d612562a0c46390af8299fc699bc"

[[package]]
name = "winapi-i686-pc-windows-gnu"
version = "0.4.0"
source = "registry+https://github.com/rust-lang/crates.io-index"
checksum = "ac3b87c63620426dd9b991e5ce0329eff545bccbbb34f3be09ff6fb6ab51b7b6"

[[package]]
name = "winapi-x86_64-pc-windows-gnu"
version = "0.4.0"
source = "registry+https://github.com/rust-lang/crates.io-index"
checksum = "712e227841d057c1ee1cd2fb22fa7e5a5461ae8e48fa2ca79ec42cfc1931183f"

[[package]]
name = "ws2_32-sys"
version = "0.2.1"
source = "registry+https://github.com/rust-lang/crates.io-index"
checksum = "d59cefebd0c892fa2dd6de581e937301d8552cb44489cdff035c6187cb63fa5e"
dependencies = [
 "winapi 0.2.8",
 "winapi-build",
]
